{
  "name": "node-geocoder",
  "version": "3.19.0",
  "lockfileVersion": 1,
  "requires": true,
  "dependencies": {
    "bluebird": {
      "version": "3.5.0",
      "resolved": "https://registry.npmjs.org/bluebird/-/bluebird-3.5.0.tgz",
      "integrity": "sha1-eRQg1/VR7qKJdFOop3ZT+WYG1nw="
    },
    "phin": {
      "version": "2.2.90",
      "resolved": "https://registry.npmjs.org/phin/-/phin-2.2.90.tgz",
      "integrity": "sha512-m+qMxY534OCekrko4zYv22xh6hdrOU/oD1up2W239aw57Lm132wI7X2Q8WwTuIeWX0hjpa0M2AUfTHL4+Yfm4Q=="
    }
  }
}
